
Microsoft Visual Studio Solution File, Format Version 12.00
# Visual Studio Version 16
VisualStudioVersion = 16.0.29728.190
MinimumVisualStudioVersion = 10.0.40219.1
Project("{FAE04EC0-301F-11D3-BF4B-00C04F79EFBC}") = "Test5.Core", "Test5.Core\Test5.Core.csproj", "{F85ECE9F-AD50-4A70-AF21-373C29A1C8F4}"
EndProject
Project("{FAE04EC0-301F-11D3-BF4B-00C04F79EFBC}") = "Test5.Droid", "Test5.Droid\Test5.Droid.csproj", "{4CE7EBC5-BB0B-4DB4-9602-F85EDEDA91A0}"
EndProject
Global
	GlobalSection(SolutionConfigurationPlatforms) = preSolution
		Debug|Any CPU = Debug|Any CPU
		Release|Any CPU = Release|Any CPU
	EndGlobalSection
	GlobalSection(ProjectConfigurationPlatforms) = postSolution
		{F85ECE9F-AD50-4A70-AF21-373C29A1C8F4}.Debug|Any CPU.ActiveCfg = Debug|Any CPU
		{F85ECE9F-AD50-4A70-AF21-373C29A1C8F4}.Debug|Any CPU.Build.0 = Debug|Any CPU
		{F85ECE9F-AD50-4A70-AF21-373C29A1C8F4}.Release|Any CPU.ActiveCfg = Release|Any CPU
		{F85ECE9F-AD50-4A70-AF21-373C29A1C8F4}.Release|Any CPU.Build.0 = Release|Any CPU
		{4CE7EBC5-BB0B-4DB4-9602-F85EDEDA91A0}.Debug|Any CPU.ActiveCfg = Debug|Any CPU
		{4CE7EBC5-BB0B-4DB4-9602-F85EDEDA91A0}.Debug|Any CPU.Build.0 = Debug|Any CPU
		{4CE7EBC5-BB0B-4DB4-9602-F85EDEDA91A0}.Debug|Any CPU.Deploy.0 = Debug|Any CPU
		{4CE7EBC5-BB0B-4DB4-9602-F85EDEDA91A0}.Release|Any CPU.ActiveCfg = Release|Any CPU
		{4CE7EBC5-BB0B-4DB4-9602-F85EDEDA91A0}.Release|Any CPU.Build.0 = Release|Any CPU
		{4CE7EBC5-BB0B-4DB4-9602-F85EDEDA91A0}.Release|Any CPU.Deploy.0 = Release|Any CPU
	EndGlobalSection
	GlobalSection(SolutionProperties) = preSolution
		HideSolutionNode = FALSE
	EndGlobalSection
	GlobalSection(ExtensibilityGlobals) = postSolution
		SolutionGuid = {4A481C3A-0A26-4CD5-B48D-3876172DC880}
	EndGlobalSection
EndGlobal
